{
  "version": 4,
  "terraform_version": "1.13.2",
  "serial": 106,
  "lineage": "c3fb4ef1-8822-2bdc-24c8-d475778861d3",
  "outputs": {},
  "resources": [
    {
      "module": "module.bastion_module",
      "mode": "data",
      "type": "azurerm_public_ip",
      "name": "pipdatablock",
      "provider": "provider[\"registry.terraform.io/hashicorp/azurerm\"]",
      "instances": [
        {
          "schema_version": 0,
          "attributes": {
            "allocation_method": "Static",
            "ddos_protection_mode": "VirtualNetworkInherited",
            "ddos_protection_plan_id": null,
            "domain_name_label": "",
            "fqdn": "",
            "id": "/subscriptions/56b55a6e-5b0b-415e-a4cf-bce19671be7e/resourceGroups/rgaccount1001/providers/Microsoft.Network/publicIPAddresses/piphome1001",
            "idle_timeout_in_minutes": 4,
            "ip_address": "20.57.192.175",
            "ip_tags": {},
            "ip_version": "IPv4",
            "location": "westus",
            "name": "piphome1001",
            "resource_group_name": "rgaccount1001",
            "reverse_fqdn": "",
            "sku": "Standard",
            "tags": {},
            "timeouts": null,
            "zones": []
          },
          "sensitive_attributes": [],
          "identity_schema_version": 0
        }
      ]
    },
    {
      "module": "module.bastion_module",
      "mode": "data",
      "type": "azurerm_subnet",
      "name": "subnetdatablosk",
      "provider": "provider[\"registry.terraform.io/hashicorp/azurerm\"]",
      "instances": [
        {
          "schema_version": 0,
          "attributes": {
            "address_prefix": "10.0.10.0/24",
            "address_prefixes": [
              "10.0.10.0/24"
            ],
            "default_outbound_access_enabled": true,
            "id": "/subscriptions/56b55a6e-5b0b-415e-a4cf-bce19671be7e/resourceGroups/rgaccount1001/providers/Microsoft.Network/virtualNetworks/vntrahhome1/subnets/AzureBastionSubnet",
            "name": "AzureBastionSubnet",
            "network_security_group_id": "",
            "private_endpoint_network_policies": "Disabled",
            "private_link_service_network_policies_enabled": true,
            "resource_group_name": "rgaccount1001",
            "route_table_id": "",
            "service_endpoints": [],
            "timeouts": null,
            "virtual_network_name": "vntrahhome1"
          },
          "sensitive_attributes": [],
          "identity_schema_version": 0
        }
      ]
    },
    {
      "module": "module.bastion_module",
      "mode": "managed",
      "type": "azurerm_bastion_host",
      "name": "bastion_block2",
      "provider": "provider[\"registry.terraform.io/hashicorp/azurerm\"]",
      "instances": [
        {
          "index_key": "bastion1",
          "schema_version": 0,
          "attributes": {
            "copy_paste_enabled": true,
            "dns_name": "bst-d5730a16-d6a9-4b8f-b1f1-881761a9bacb.bastion.azure.com",
            "file_copy_enabled": false,
            "id": "/subscriptions/56b55a6e-5b0b-415e-a4cf-bce19671be7e/resourceGroups/rgaccount1001/providers/Microsoft.Network/bastionHosts/bastionhome1",
            "ip_configuration": [
              {
                "name": "configuration",
                "public_ip_address_id": "/subscriptions/56b55a6e-5b0b-415e-a4cf-bce19671be7e/resourceGroups/rgaccount1001/providers/Microsoft.Network/publicIPAddresses/piphome1001",
                "subnet_id": "/subscriptions/56b55a6e-5b0b-415e-a4cf-bce19671be7e/resourceGroups/rgaccount1001/providers/Microsoft.Network/virtualNetworks/vntrahhome1/subnets/AzureBastionSubnet"
              }
            ],
            "ip_connect_enabled": false,
            "kerberos_enabled": false,
            "location": "westus",
            "name": "bastionhome1",
            "resource_group_name": "rgaccount1001",
            "scale_units": 2,
            "session_recording_enabled": false,
            "shareable_link_enabled": false,
            "sku": "Basic",
            "tags": null,
            "timeouts": null,
            "tunneling_enabled": false,
            "virtual_network_id": "",
            "zones": null
          },
          "sensitive_attributes": [],
          "identity_schema_version": 0,
          "identity": {
            "name": "bastionhome1",
            "resource_group_name": "rgaccount1001",
            "subscription_id": "56b55a6e-5b0b-415e-a4cf-bce19671be7e"
          },
          "private": "eyJlMmJmYjczMC1lY2FhLTExZTYtOGY4OC0zNDM2M2JjN2M0YzAiOnsiY3JlYXRlIjoxODAwMDAwMDAwMDAwLCJkZWxldGUiOjE4MDAwMDAwMDAwMDAsInJlYWQiOjMwMDAwMDAwMDAwMCwidXBkYXRlIjoxODAwMDAwMDAwMDAwfX0=",
          "dependencies": [
            "module.bastion_module.data.azurerm_public_ip.pipdatablock",
            "module.bastion_module.data.azurerm_subnet.subnetdatablosk",
            "module.pip.azurerm_public_ip.pip",
            "module.resorcegroup.azurerm_resource_group.amitrg",
            "module.subnet.azurerm_subnet.subnetblock",
            "module.virtual_network.azurerm_virtual_network.vntrethome"
          ]
        }
      ]
    },
    {
      "module": "module.load_balancer",
      "mode": "data",
      "type": "azurerm_public_ip",
      "name": "pipdatablock1",
      "provider": "provider[\"registry.terraform.io/hashicorp/azurerm\"]",
      "instances": [
        {
          "schema_version": 0,
          "attributes": {
            "allocation_method": "Static",
            "ddos_protection_mode": "VirtualNetworkInherited",
            "ddos_protection_plan_id": null,
            "domain_name_label": "",
            "fqdn": "",
            "id": "/subscriptions/56b55a6e-5b0b-415e-a4cf-bce19671be7e/resourceGroups/rgaccount1001/providers/Microsoft.Network/publicIPAddresses/piphome1002",
            "idle_timeout_in_minutes": 4,
            "ip_address": "20.184.140.53",
            "ip_tags": {},
            "ip_version": "IPv4",
            "location": "westus",
            "name": "piphome1002",
            "resource_group_name": "rgaccount1001",
            "reverse_fqdn": "",
            "sku": "Standard",
            "tags": {},
            "timeouts": null,
            "zones": []
          },
          "sensitive_attributes": [],
          "identity_schema_version": 0
        }
      ]
    },
    {
      "module": "module.load_balancer",
      "mode": "managed",
      "type": "azurerm_lb",
      "name": "example",
      "provider": "provider[\"registry.terraform.io/hashicorp/azurerm\"]",
      "instances": [
        {
          "index_key": "loadbalancer1",
          "schema_version": 0,
          "attributes": {
            "edge_zone": "",
            "frontend_ip_configuration": [
              {
                "gateway_load_balancer_frontend_ip_configuration_id": "",
                "id": "/subscriptions/56b55a6e-5b0b-415e-a4cf-bce19671be7e/resourceGroups/rgaccount1001/providers/Microsoft.Network/loadBalancers/lb_block/frontendIPConfigurations/PublicIPAddress",
                "inbound_nat_rules": [],
                "load_balancer_rules": [],
                "name": "PublicIPAddress",
                "outbound_rules": [],
                "private_ip_address": "",
                "private_ip_address_allocation": "Dynamic",
                "private_ip_address_version": "",
                "public_ip_address_id": "/subscriptions/56b55a6e-5b0b-415e-a4cf-bce19671be7e/resourceGroups/rgaccount1001/providers/Microsoft.Network/publicIPAddresses/piphome1002",
                "public_ip_prefix_id": "",
                "subnet_id": "",
                "zones": null
              }
            ],
            "id": "/subscriptions/56b55a6e-5b0b-415e-a4cf-bce19671be7e/resourceGroups/rgaccount1001/providers/Microsoft.Network/loadBalancers/lb_block",
            "location": "westus",
            "name": "lb_block",
            "private_ip_address": "",
            "private_ip_addresses": [],
            "public_ip_address_id": null,
            "resource_group_name": "rgaccount1001",
            "sku": "Standard",
            "sku_tier": "Regional",
            "subnet_id": null,
            "tags": null,
            "timeouts": null
          },
          "sensitive_attributes": [],
          "identity_schema_version": 0,
          "private": "eyJlMmJmYjczMC1lY2FhLTExZTYtOGY4OC0zNDM2M2JjN2M0YzAiOnsiY3JlYXRlIjoxODAwMDAwMDAwMDAwLCJkZWxldGUiOjE4MDAwMDAwMDAwMDAsInJlYWQiOjMwMDAwMDAwMDAwMCwidXBkYXRlIjoxODAwMDAwMDAwMDAwfX0=",
          "dependencies": [
            "module.load_balancer.data.azurerm_public_ip.pipdatablock1",
            "module.pip.azurerm_public_ip.pip",
            "module.resorcegroup.azurerm_resource_group.amitrg"
          ]
        }
      ]
    },
    {
      "module": "module.pip",
      "mode": "managed",
      "type": "azurerm_public_ip",
      "name": "pip",
      "provider": "provider[\"registry.terraform.io/hashicorp/azurerm\"]",
      "instances": [
        {
          "index_key": "pip",
          "schema_version": 0,
          "attributes": {
            "allocation_method": "Static",
            "ddos_protection_mode": "VirtualNetworkInherited",
            "ddos_protection_plan_id": null,
            "domain_name_label": null,
            "domain_name_label_scope": null,
            "edge_zone": "",
            "fqdn": null,
            "id": "/subscriptions/56b55a6e-5b0b-415e-a4cf-bce19671be7e/resourceGroups/rgaccount1001/providers/Microsoft.Network/publicIPAddresses/piphome1001",
            "idle_timeout_in_minutes": 4,
            "ip_address": "20.57.192.175",
            "ip_tags": {},
            "ip_version": "IPv4",
            "location": "westus",
            "name": "piphome1001",
            "public_ip_prefix_id": null,
            "resource_group_name": "rgaccount1001",
            "reverse_fqdn": null,
            "sku": "Standard",
            "sku_tier": "Regional",
            "tags": {},
            "timeouts": null,
            "zones": []
          },
          "sensitive_attributes": [],
          "identity_schema_version": 0,
          "private": "eyJlMmJmYjczMC1lY2FhLTExZTYtOGY4OC0zNDM2M2JjN2M0YzAiOnsiY3JlYXRlIjoxODAwMDAwMDAwMDAwLCJkZWxldGUiOjE4MDAwMDAwMDAwMDAsInJlYWQiOjMwMDAwMDAwMDAwMCwidXBkYXRlIjoxODAwMDAwMDAwMDAwfX0=",
          "dependencies": [
            "module.resorcegroup.azurerm_resource_group.amitrg"
          ]
        },
        {
          "index_key": "pip2",
          "schema_version": 0,
          "attributes": {
            "allocation_method": "Static",
            "ddos_protection_mode": "VirtualNetworkInherited",
            "ddos_protection_plan_id": null,
            "domain_name_label": null,
            "domain_name_label_scope": null,
            "edge_zone": "",
            "fqdn": null,
            "id": "/subscriptions/56b55a6e-5b0b-415e-a4cf-bce19671be7e/resourceGroups/rgaccount1001/providers/Microsoft.Network/publicIPAddresses/piphome1002",
            "idle_timeout_in_minutes": 4,
            "ip_address": "20.184.140.53",
            "ip_tags": null,
            "ip_version": "IPv4",
            "location": "westus",
            "name": "piphome1002",
            "public_ip_prefix_id": null,
            "resource_group_name": "rgaccount1001",
            "reverse_fqdn": null,
            "sku": "Standard",
            "sku_tier": "Regional",
            "tags": null,
            "timeouts": null,
            "zones": null
          },
          "sensitive_attributes": [],
          "identity_schema_version": 0,
          "private": "eyJlMmJmYjczMC1lY2FhLTExZTYtOGY4OC0zNDM2M2JjN2M0YzAiOnsiY3JlYXRlIjoxODAwMDAwMDAwMDAwLCJkZWxldGUiOjE4MDAwMDAwMDAwMDAsInJlYWQiOjMwMDAwMDAwMDAwMCwidXBkYXRlIjoxODAwMDAwMDAwMDAwfX0=",
          "dependencies": [
            "module.resorcegroup.azurerm_resource_group.amitrg"
          ]
        }
      ]
    },
    {
      "module": "module.resorcegroup",
      "mode": "managed",
      "type": "azurerm_resource_group",
      "name": "amitrg",
      "provider": "provider[\"registry.terraform.io/hashicorp/azurerm\"]",
      "instances": [
        {
          "index_key": "rg1",
          "schema_version": 0,
          "attributes": {
            "id": "/subscriptions/56b55a6e-5b0b-415e-a4cf-bce19671be7e/resourceGroups/rgaccount1001",
            "location": "westus",
            "managed_by": "",
            "name": "rgaccount1001",
            "tags": {},
            "timeouts": null
          },
          "sensitive_attributes": [],
          "identity_schema_version": 0,
          "identity": {
            "name": "rgaccount1001",
            "subscription_id": "56b55a6e-5b0b-415e-a4cf-bce19671be7e"
          },
          "private": "eyJlMmJmYjczMC1lY2FhLTExZTYtOGY4OC0zNDM2M2JjN2M0YzAiOnsiY3JlYXRlIjo1NDAwMDAwMDAwMDAwLCJkZWxldGUiOjU0MDAwMDAwMDAwMDAsInJlYWQiOjMwMDAwMDAwMDAwMCwidXBkYXRlIjo1NDAwMDAwMDAwMDAwfX0="
        }
      ]
    },
    {
      "module": "module.sql_moduule",
      "mode": "data",
      "type": "azurerm_client_config",
      "name": "current",
      "provider": "provider[\"registry.terraform.io/hashicorp/azurerm\"]",
      "instances": [
        {
          "schema_version": 0,
          "attributes": {
            "client_id": "04b07795-8ddb-461a-bbee-02f9e1bf7b46",
            "id": "Y2xpZW50Q29uZmlncy9jbGllbnRJZD0wNGIwNzc5NS04ZGRiLTQ2MWEtYmJlZS0wMmY5ZTFiZjdiNDY7b2JqZWN0SWQ9YzQzMDM2N2MtYTkxNy00ZjhmLTk5ZTgtYTc2MDgwMTE2ODM2O3N1YnNjcmlwdGlvbklkPTU2YjU1YTZlLTViMGItNDE1ZS1hNGNmLWJjZTE5NjcxYmU3ZTt0ZW5hbnRJZD1iNGJkMTI2ZS1hNjRlLTQ3N2EtYWRhOC05ZjI3NDliZjhkNGM=",
            "object_id": "c430367c-a917-4f8f-99e8-a76080116836",
            "subscription_id": "56b55a6e-5b0b-415e-a4cf-bce19671be7e",
            "tenant_id": "b4bd126e-a64e-477a-ada8-9f2749bf8d4c",
            "timeouts": null
          },
          "sensitive_attributes": [],
          "identity_schema_version": 0
        }
      ]
    },
    {
      "module": "module.sql_moduule",
      "mode": "managed",
      "type": "azurerm_mssql_server",
      "name": "sql_server_block",
      "provider": "provider[\"registry.terraform.io/hashicorp/azurerm\"]",
      "instances": [
        {
          "index_key": "sqldata",
          "schema_version": 0,
          "attributes": {
            "administrator_login": "adminuser99",
            "administrator_login_password": "adminuser@123",
            "administrator_login_password_wo": null,
            "administrator_login_password_wo_version": 0,
            "azuread_administrator": [
              {
                "azuread_authentication_only": false,
                "login_username": "AzureAD Admin",
                "object_id": "c430367c-a917-4f8f-99e8-a76080116836",
                "tenant_id": "b4bd126e-a64e-477a-ada8-9f2749bf8d4c"
              }
            ],
            "connection_policy": "Default",
            "express_vulnerability_assessment_enabled": false,
            "fully_qualified_domain_name": "sqldatablock123.database.windows.net",
            "id": "/subscriptions/56b55a6e-5b0b-415e-a4cf-bce19671be7e/resourceGroups/rgaccount1001/providers/Microsoft.Sql/servers/sqldatablock123",
            "identity": [],
            "location": "westus",
            "minimum_tls_version": "1.2",
            "name": "sqldatablock123",
            "outbound_network_restriction_enabled": false,
            "primary_user_assigned_identity_id": "",
            "public_network_access_enabled": true,
            "resource_group_name": "rgaccount1001",
            "restorable_dropped_database_ids": [],
            "tags": {},
            "timeouts": null,
            "transparent_data_encryption_key_vault_key_id": "",
            "version": "12.0"
          },
          "sensitive_attributes": [
            [
              {
                "type": "get_attr",
                "value": "administrator_login_password"
              }
            ],
            [
              {
                "type": "get_attr",
                "value": "administrator_login_password_wo"
              }
            ]
          ],
          "identity_schema_version": 0,
          "private": "eyJlMmJmYjczMC1lY2FhLTExZTYtOGY4OC0zNDM2M2JjN2M0YzAiOnsiY3JlYXRlIjozNjAwMDAwMDAwMDAwLCJkZWxldGUiOjM2MDAwMDAwMDAwMDAsInJlYWQiOjMwMDAwMDAwMDAwMCwidXBkYXRlIjozNjAwMDAwMDAwMDAwfX0=",
          "dependencies": [
            "module.bastion_module.azurerm_bastion_host.bastion_block2",
            "module.bastion_module.data.azurerm_public_ip.pipdatablock",
            "module.bastion_module.data.azurerm_subnet.subnetdatablosk",
            "module.pip.azurerm_public_ip.pip",
            "module.resorcegroup.azurerm_resource_group.amitrg",
            "module.sql_moduule.data.azurerm_client_config.current",
            "module.subnet.azurerm_subnet.subnetblock",
            "module.virtual_network.azurerm_virtual_network.vntrethome"
          ]
        }
      ]
    },
    {
      "module": "module.subnet",
      "mode": "managed",
      "type": "azurerm_subnet",
      "name": "subnetblock",
      "provider": "provider[\"registry.terraform.io/hashicorp/azurerm\"]",
      "instances": [
        {
          "index_key": "subnet1",
          "schema_version": 0,
          "attributes": {
            "address_prefixes": [
              "10.0.1.0/24"
            ],
            "default_outbound_access_enabled": true,
            "delegation": [],
            "id": "/subscriptions/56b55a6e-5b0b-415e-a4cf-bce19671be7e/resourceGroups/rgaccount1001/providers/Microsoft.Network/virtualNetworks/vntrahhome1/subnets/subnethomenet1",
            "ip_address_pool": [],
            "name": "subnethomenet1",
            "private_endpoint_network_policies": "Disabled",
            "private_link_service_network_policies_enabled": true,
            "resource_group_name": "rgaccount1001",
            "service_endpoint_policy_ids": [],
            "service_endpoints": [],
            "sharing_scope": "",
            "timeouts": null,
            "virtual_network_name": "vntrahhome1"
          },
          "sensitive_attributes": [],
          "identity_schema_version": 0,
          "identity": {
            "name": "subnethomenet1",
            "resource_group_name": "rgaccount1001",
            "subscription_id": "56b55a6e-5b0b-415e-a4cf-bce19671be7e",
            "virtual_network_name": "vntrahhome1"
          },
          "private": "eyJlMmJmYjczMC1lY2FhLTExZTYtOGY4OC0zNDM2M2JjN2M0YzAiOnsiY3JlYXRlIjoxODAwMDAwMDAwMDAwLCJkZWxldGUiOjE4MDAwMDAwMDAwMDAsInJlYWQiOjMwMDAwMDAwMDAwMCwidXBkYXRlIjoxODAwMDAwMDAwMDAwfX0=",
          "dependencies": [
            "module.resorcegroup.azurerm_resource_group.amitrg",
            "module.virtual_network.azurerm_virtual_network.vntrethome"
          ]
        },
        {
          "index_key": "subnet2",
          "schema_version": 0,
          "attributes": {
            "address_prefixes": [
              "10.0.10.0/24"
            ],
            "default_outbound_access_enabled": true,
            "delegation": [],
            "id": "/subscriptions/56b55a6e-5b0b-415e-a4cf-bce19671be7e/resourceGroups/rgaccount1001/providers/Microsoft.Network/virtualNetworks/vntrahhome1/subnets/AzureBastionSubnet",
            "ip_address_pool": [],
            "name": "AzureBastionSubnet",
            "private_endpoint_network_policies": "Disabled",
            "private_link_service_network_policies_enabled": true,
            "resource_group_name": "rgaccount1001",
            "service_endpoint_policy_ids": [],
            "service_endpoints": [],
            "sharing_scope": "",
            "timeouts": null,
            "virtual_network_name": "vntrahhome1"
          },
          "sensitive_attributes": [],
          "identity_schema_version": 0,
          "identity": {
            "name": "AzureBastionSubnet",
            "resource_group_name": "rgaccount1001",
            "subscription_id": "56b55a6e-5b0b-415e-a4cf-bce19671be7e",
            "virtual_network_name": "vntrahhome1"
          },
          "private": "eyJlMmJmYjczMC1lY2FhLTExZTYtOGY4OC0zNDM2M2JjN2M0YzAiOnsiY3JlYXRlIjoxODAwMDAwMDAwMDAwLCJkZWxldGUiOjE4MDAwMDAwMDAwMDAsInJlYWQiOjMwMDAwMDAwMDAwMCwidXBkYXRlIjoxODAwMDAwMDAwMDAwfX0=",
          "dependencies": [
            "module.resorcegroup.azurerm_resource_group.amitrg",
            "module.virtual_network.azurerm_virtual_network.vntrethome"
          ]
        }
      ]
    },
    {
      "module": "module.virtual_network",
      "mode": "managed",
      "type": "azurerm_virtual_network",
      "name": "vntrethome",
      "provider": "provider[\"registry.terraform.io/hashicorp/azurerm\"]",
      "instances": [
        {
          "index_key": "vntrahhome1001",
          "schema_version": 0,
          "attributes": {
            "address_space": [
              "10.0.0.0/16"
            ],
            "bgp_community": "",
            "ddos_protection_plan": [],
            "dns_servers": [
              "10.0.0.4",
              "10.0.0.5"
            ],
            "edge_zone": "",
            "encryption": [],
            "flow_timeout_in_minutes": 0,
            "guid": "736e2b93-b189-46ad-9df6-d803fe8c6dd6",
            "id": "/subscriptions/56b55a6e-5b0b-415e-a4cf-bce19671be7e/resourceGroups/rgaccount1001/providers/Microsoft.Network/virtualNetworks/vntrahhome1",
            "ip_address_pool": [],
            "location": "westus",
            "name": "vntrahhome1",
            "private_endpoint_vnet_policies": "Disabled",
            "resource_group_name": "rgaccount1001",
            "subnet": [
              {
                "address_prefixes": [
                  "10.0.1.0/24"
                ],
                "default_outbound_access_enabled": true,
                "delegation": [],
                "id": "/subscriptions/56b55a6e-5b0b-415e-a4cf-bce19671be7e/resourceGroups/rgaccount1001/providers/Microsoft.Network/virtualNetworks/vntrahhome1/subnets/subnethomenet1",
                "name": "subnethomenet1",
                "private_endpoint_network_policies": "Disabled",
                "private_link_service_network_policies_enabled": true,
                "route_table_id": "",
                "security_group": "",
                "service_endpoint_policy_ids": [],
                "service_endpoints": []
              },
              {
                "address_prefixes": [
                  "10.0.10.0/24"
                ],
                "default_outbound_access_enabled": true,
                "delegation": [],
                "id": "/subscriptions/56b55a6e-5b0b-415e-a4cf-bce19671be7e/resourceGroups/rgaccount1001/providers/Microsoft.Network/virtualNetworks/vntrahhome1/subnets/AzureBastionSubnet",
                "name": "AzureBastionSubnet",
                "private_endpoint_network_policies": "Disabled",
                "private_link_service_network_policies_enabled": true,
                "route_table_id": "",
                "security_group": "",
                "service_endpoint_policy_ids": [],
                "service_endpoints": []
              }
            ],
            "tags": {},
            "timeouts": null
          },
          "sensitive_attributes": [],
          "identity_schema_version": 0,
          "identity": {
            "name": "vntrahhome1",
            "resource_group_name": "rgaccount1001",
            "subscription_id": "56b55a6e-5b0b-415e-a4cf-bce19671be7e"
          },
          "private": "eyJlMmJmYjczMC1lY2FhLTExZTYtOGY4OC0zNDM2M2JjN2M0YzAiOnsiY3JlYXRlIjoxODAwMDAwMDAwMDAwLCJkZWxldGUiOjE4MDAwMDAwMDAwMDAsInJlYWQiOjMwMDAwMDAwMDAwMCwidXBkYXRlIjoxODAwMDAwMDAwMDAwfX0=",
          "dependencies": [
            "module.resorcegroup.azurerm_resource_group.amitrg"
          ]
        }
      ]
    }
  ],
  "check_results": null
}
