{
  "version": 4,
  "terraform_version": "1.13.2",
  "serial": 38,
  "lineage": "c3fb4ef1-8822-2bdc-24c8-d475778861d3",
  "outputs": {},
  "resources": [
    {
      "module": "module.nic_card",
      "mode": "data",
      "type": "azurerm_subnet",
      "name": "data_block",
      "provider": "provider[\"registry.terraform.io/hashicorp/azurerm\"]",
      "instances": [
        {
          "schema_version": 0,
          "attributes": {
            "address_prefix": "10.0.1.0/24",
            "address_prefixes": [
              "10.0.1.0/24"
            ],
            "default_outbound_access_enabled": true,
            "id": "/subscriptions/56b55a6e-5b0b-415e-a4cf-bce19671be7e/resourceGroups/rgaccount1001/providers/Microsoft.Network/virtualNetworks/vntrahhome1/subnets/subnethomenet1",
            "name": "subnethomenet1",
            "network_security_group_id": "",
            "private_endpoint_network_policies": "Disabled",
            "private_link_service_network_policies_enabled": true,
            "resource_group_name": "rgaccount1001",
            "route_table_id": "",
            "service_endpoints": [],
            "timeouts": null,
            "virtual_network_name": "vntrahhome1"
          },
          "sensitive_attributes": [],
          "identity_schema_version": 0
        }
      ]
    },
    {
      "module": "module.nic_card",
      "mode": "managed",
      "type": "azurerm_network_interface",
      "name": "niccard",
      "provider": "provider[\"registry.terraform.io/hashicorp/azurerm\"]",
      "instances": [
        {
          "index_key": "nichomecard1001",
          "schema_version": 0,
          "attributes": {
            "accelerated_networking_enabled": false,
            "applied_dns_servers": [],
            "auxiliary_mode": "",
            "auxiliary_sku": "",
            "dns_servers": null,
            "edge_zone": "",
            "id": "/subscriptions/56b55a6e-5b0b-415e-a4cf-bce19671be7e/resourceGroups/rgaccount1001/providers/Microsoft.Network/networkInterfaces/niccard1",
            "internal_dns_name_label": "",
            "internal_domain_name_suffix": "xeh2ilddwisudfowyea2mzssth.dx.internal.cloudapp.net",
            "ip_configuration": [
              {
                "gateway_load_balancer_frontend_ip_configuration_id": "",
                "name": "internal",
                "primary": true,
                "private_ip_address": "10.0.1.4",
                "private_ip_address_allocation": "Dynamic",
                "private_ip_address_version": "IPv4",
                "public_ip_address_id": "",
                "subnet_id": "/subscriptions/56b55a6e-5b0b-415e-a4cf-bce19671be7e/resourceGroups/rgaccount1001/providers/Microsoft.Network/virtualNetworks/vntrahhome1/subnets/subnethomenet1"
              }
            ],
            "ip_forwarding_enabled": false,
            "location": "westus",
            "mac_address": "",
            "name": "niccard1",
            "private_ip_address": "10.0.1.4",
            "private_ip_addresses": [
              "10.0.1.4"
            ],
            "resource_group_name": "rgaccount1001",
            "tags": null,
            "timeouts": null,
            "virtual_machine_id": ""
          },
          "sensitive_attributes": [],
          "identity_schema_version": 0,
          "identity": {
            "name": "niccard1",
            "resource_group_name": "rgaccount1001",
            "subscription_id": "56b55a6e-5b0b-415e-a4cf-bce19671be7e"
          },
          "private": "eyJlMmJmYjczMC1lY2FhLTExZTYtOGY4OC0zNDM2M2JjN2M0YzAiOnsiY3JlYXRlIjoxODAwMDAwMDAwMDAwLCJkZWxldGUiOjE4MDAwMDAwMDAwMDAsInJlYWQiOjMwMDAwMDAwMDAwMCwidXBkYXRlIjoxODAwMDAwMDAwMDAwfX0=",
          "dependencies": [
            "module.nic_card.data.azurerm_subnet.data_block",
            "module.resorcegroup.azurerm_resource_group.amitrg",
            "module.subnet.azurerm_subnet.subnetblock",
            "module.virtual_network.azurerm_virtual_network.vntrethome"
          ]
        }
      ]
    },
    {
      "module": "module.resorcegroup",
      "mode": "managed",
      "type": "azurerm_resource_group",
      "name": "amitrg",
      "provider": "provider[\"registry.terraform.io/hashicorp/azurerm\"]",
      "instances": [
        {
          "index_key": "rg1",
          "schema_version": 0,
          "attributes": {
            "id": "/subscriptions/56b55a6e-5b0b-415e-a4cf-bce19671be7e/resourceGroups/rgaccount1001",
            "location": "westus",
            "managed_by": "",
            "name": "rgaccount1001",
            "tags": {},
            "timeouts": null
          },
          "sensitive_attributes": [],
          "identity_schema_version": 0,
          "identity": {
            "name": "rgaccount1001",
            "subscription_id": "56b55a6e-5b0b-415e-a4cf-bce19671be7e"
          },
          "private": "eyJlMmJmYjczMC1lY2FhLTExZTYtOGY4OC0zNDM2M2JjN2M0YzAiOnsiY3JlYXRlIjo1NDAwMDAwMDAwMDAwLCJkZWxldGUiOjU0MDAwMDAwMDAwMDAsInJlYWQiOjMwMDAwMDAwMDAwMCwidXBkYXRlIjo1NDAwMDAwMDAwMDAwfX0="
        }
      ]
    },
    {
      "module": "module.subnet",
      "mode": "managed",
      "type": "azurerm_subnet",
      "name": "subnetblock",
      "provider": "provider[\"registry.terraform.io/hashicorp/azurerm\"]",
      "instances": [
        {
          "index_key": "subnet1",
          "schema_version": 0,
          "attributes": {
            "address_prefixes": [
              "10.0.1.0/24"
            ],
            "default_outbound_access_enabled": true,
            "delegation": [],
            "id": "/subscriptions/56b55a6e-5b0b-415e-a4cf-bce19671be7e/resourceGroups/rgaccount1001/providers/Microsoft.Network/virtualNetworks/vntrahhome1/subnets/subnethomenet1",
            "ip_address_pool": [],
            "name": "subnethomenet1",
            "private_endpoint_network_policies": "Disabled",
            "private_link_service_network_policies_enabled": true,
            "resource_group_name": "rgaccount1001",
            "service_endpoint_policy_ids": [],
            "service_endpoints": [],
            "sharing_scope": "",
            "timeouts": null,
            "virtual_network_name": "vntrahhome1"
          },
          "sensitive_attributes": [],
          "identity_schema_version": 0,
          "identity": {
            "name": "subnethomenet1",
            "resource_group_name": "rgaccount1001",
            "subscription_id": "56b55a6e-5b0b-415e-a4cf-bce19671be7e",
            "virtual_network_name": "vntrahhome1"
          },
          "private": "eyJlMmJmYjczMC1lY2FhLTExZTYtOGY4OC0zNDM2M2JjN2M0YzAiOnsiY3JlYXRlIjoxODAwMDAwMDAwMDAwLCJkZWxldGUiOjE4MDAwMDAwMDAwMDAsInJlYWQiOjMwMDAwMDAwMDAwMCwidXBkYXRlIjoxODAwMDAwMDAwMDAwfX0=",
          "dependencies": [
            "module.resorcegroup.azurerm_resource_group.amitrg",
            "module.virtual_network.azurerm_virtual_network.vntrethome"
          ]
        }
      ]
    },
    {
      "module": "module.virtual_network",
      "mode": "managed",
      "type": "azurerm_virtual_network",
      "name": "vntrethome",
      "provider": "provider[\"registry.terraform.io/hashicorp/azurerm\"]",
      "instances": [
        {
          "index_key": "vntrahhome1001",
          "schema_version": 0,
          "attributes": {
            "address_space": [
              "10.0.0.0/16"
            ],
            "bgp_community": "",
            "ddos_protection_plan": [],
            "dns_servers": [
              "10.0.0.4",
              "10.0.0.5"
            ],
            "edge_zone": "",
            "encryption": [],
            "flow_timeout_in_minutes": 0,
            "guid": "2cc40fb9-b263-4125-95d6-c101c666529f",
            "id": "/subscriptions/56b55a6e-5b0b-415e-a4cf-bce19671be7e/resourceGroups/rgaccount1001/providers/Microsoft.Network/virtualNetworks/vntrahhome1",
            "ip_address_pool": [],
            "location": "westus",
            "name": "vntrahhome1",
            "private_endpoint_vnet_policies": "Disabled",
            "resource_group_name": "rgaccount1001",
            "subnet": [
              {
                "address_prefixes": [
                  "10.0.1.0/24"
                ],
                "default_outbound_access_enabled": true,
                "delegation": [],
                "id": "/subscriptions/56b55a6e-5b0b-415e-a4cf-bce19671be7e/resourceGroups/rgaccount1001/providers/Microsoft.Network/virtualNetworks/vntrahhome1/subnets/subnethomenet1",
                "name": "subnethomenet1",
                "private_endpoint_network_policies": "Disabled",
                "private_link_service_network_policies_enabled": true,
                "route_table_id": "",
                "security_group": "",
                "service_endpoint_policy_ids": [],
                "service_endpoints": []
              }
            ],
            "tags": {},
            "timeouts": null
          },
          "sensitive_attributes": [],
          "identity_schema_version": 0,
          "identity": {
            "name": "vntrahhome1",
            "resource_group_name": "rgaccount1001",
            "subscription_id": "56b55a6e-5b0b-415e-a4cf-bce19671be7e"
          },
          "private": "eyJlMmJmYjczMC1lY2FhLTExZTYtOGY4OC0zNDM2M2JjN2M0YzAiOnsiY3JlYXRlIjoxODAwMDAwMDAwMDAwLCJkZWxldGUiOjE4MDAwMDAwMDAwMDAsInJlYWQiOjMwMDAwMDAwMDAwMCwidXBkYXRlIjoxODAwMDAwMDAwMDAwfX0=",
          "dependencies": [
            "module.resorcegroup.azurerm_resource_group.amitrg"
          ]
        }
      ]
    }
  ],
  "check_results": null
}
